
Microsoft Visual Studio Solution File, Format Version 12.00
# Visual Studio 2013
VisualStudioVersion = 12.0.31101.0
MinimumVisualStudioVersion = 10.0.40219.1
Project("{FAE04EC0-301F-11D3-BF4B-00C04F79EFBC}") = "spProposals", "spProposals\spProposals.csproj", "{96567ED7-7046-4FAF-B103-00429447C9FF}"
	ProjectSection(ProjectDependencies) = postProject
		{14E91C23-8391-41EB-B064-21E889FC52D1} = {14E91C23-8391-41EB-B064-21E889FC52D1}
	EndProjectSection
EndProject
Project("{FAE04EC0-301F-11D3-BF4B-00C04F79EFBC}") = "spProposals.Web", "spProposals.Web\spProposals.Web.csproj", "{14E91C23-8391-41EB-B064-21E889FC52D1}"
EndProject
Global
	GlobalSection(SolutionConfigurationPlatforms) = preSolution
		Debug|Any CPU = Debug|Any CPU
		Release|Any CPU = Release|Any CPU
	EndGlobalSection
	GlobalSection(ProjectConfigurationPlatforms) = postSolution
		{96567ED7-7046-4FAF-B103-00429447C9FF}.Debug|Any CPU.ActiveCfg = Debug|Any CPU
		{96567ED7-7046-4FAF-B103-00429447C9FF}.Debug|Any CPU.Build.0 = Debug|Any CPU
		{96567ED7-7046-4FAF-B103-00429447C9FF}.Release|Any CPU.ActiveCfg = Release|Any CPU
		{96567ED7-7046-4FAF-B103-00429447C9FF}.Release|Any CPU.Build.0 = Release|Any CPU
		{14E91C23-8391-41EB-B064-21E889FC52D1}.Debug|Any CPU.ActiveCfg = Debug|Any CPU
		{14E91C23-8391-41EB-B064-21E889FC52D1}.Debug|Any CPU.Build.0 = Debug|Any CPU
		{14E91C23-8391-41EB-B064-21E889FC52D1}.Release|Any CPU.ActiveCfg = Release|Any CPU
		{14E91C23-8391-41EB-B064-21E889FC52D1}.Release|Any CPU.Build.0 = Release|Any CPU
	EndGlobalSection
	GlobalSection(SolutionProperties) = preSolution
		HideSolutionNode = FALSE
	EndGlobalSection
EndGlobal
